
Microsoft Visual Studio Solution File, Format Version 12.00
# Visual Studio Version 16
VisualStudioVersion = 16.0.30523.141
MinimumVisualStudioVersion = 10.0.40219.1
Project("{FAE04EC0-301F-11D3-BF4B-00C04F79EFBC}") = "WebCoreRest", "WebCoreRest\WebCoreRest.csproj", "{80CC2C72-24A1-427C-BBE1-140BFB7F5EE0}"
EndProject
Global
	GlobalSection(SolutionConfigurationPlatforms) = preSolution
		Debug|Any CPU = Debug|Any CPU
		Release|Any CPU = Release|Any CPU
	EndGlobalSection
	GlobalSection(ProjectConfigurationPlatforms) = postSolution
		{80CC2C72-24A1-427C-BBE1-140BFB7F5EE0}.Debug|Any CPU.ActiveCfg = Debug|Any CPU
		{80CC2C72-24A1-427C-BBE1-140BFB7F5EE0}.Debug|Any CPU.Build.0 = Debug|Any CPU
		{80CC2C72-24A1-427C-BBE1-140BFB7F5EE0}.Release|Any CPU.ActiveCfg = Release|Any CPU
		{80CC2C72-24A1-427C-BBE1-140BFB7F5EE0}.Release|Any CPU.Build.0 = Release|Any CPU
	EndGlobalSection
	GlobalSection(SolutionProperties) = preSolution
		HideSolutionNode = FALSE
	EndGlobalSection
	GlobalSection(ExtensibilityGlobals) = postSolution
		SolutionGuid = {125DBFA7-8315-45F3-9EDC-31BC3EB12593}
	EndGlobalSection
EndGlobal
